
Microsoft Visual Studio Solution File, Format Version 12.00
# Visual Studio 14
VisualStudioVersion = 14.0.23107.0
MinimumVisualStudioVersion = 10.0.40219.1
Project("{2150E333-8FDC-42A3-9474-1A3956D46DE8}") = "Source", "Source", "{CBDD6C26-C84C-44FE-8B89-64355B091593}"
EndProject
Project("{2150E333-8FDC-42A3-9474-1A3956D46DE8}") = "Solution Items", "Solution Items", "{CC37BF25-BB57-4296-9068-84257CECACA2}"
	ProjectSection(SolutionItems) = preProject
		global.json = global.json
	EndProjectSection
EndProject
Project("{2150E333-8FDC-42A3-9474-1A3956D46DE8}") = "Tests", "Tests", "{B0FBB031-EA4F-41DE-B754-E68A8BDC1892}"
EndProject
Project("{8BB2217D-0F2D-49D1-97BC-3654ED321F3B}") = "Pipe", "Source\Pipe\Pipe.xproj", "{CF2A4B9D-1C39-4CFE-8694-8CE1F17CB28B}"
EndProject
Project("{8BB2217D-0F2D-49D1-97BC-3654ED321F3B}") = "Pipe.Tests", "Tests\Pipe.Tests\Pipe.Tests.xproj", "{29133DCB-BEBA-45BB-8142-4EB1C1FCF10B}"
EndProject
Global
	GlobalSection(SolutionConfigurationPlatforms) = preSolution
		Debug|Any CPU = Debug|Any CPU
		Release|Any CPU = Release|Any CPU
	EndGlobalSection
	GlobalSection(ProjectConfigurationPlatforms) = postSolution
		{CF2A4B9D-1C39-4CFE-8694-8CE1F17CB28B}.Debug|Any CPU.ActiveCfg = Debug|Any CPU
		{CF2A4B9D-1C39-4CFE-8694-8CE1F17CB28B}.Debug|Any CPU.Build.0 = Debug|Any CPU
		{CF2A4B9D-1C39-4CFE-8694-8CE1F17CB28B}.Release|Any CPU.ActiveCfg = Release|Any CPU
		{CF2A4B9D-1C39-4CFE-8694-8CE1F17CB28B}.Release|Any CPU.Build.0 = Release|Any CPU
		{29133DCB-BEBA-45BB-8142-4EB1C1FCF10B}.Debug|Any CPU.ActiveCfg = Debug|Any CPU
		{29133DCB-BEBA-45BB-8142-4EB1C1FCF10B}.Debug|Any CPU.Build.0 = Debug|Any CPU
		{29133DCB-BEBA-45BB-8142-4EB1C1FCF10B}.Release|Any CPU.ActiveCfg = Release|Any CPU
		{29133DCB-BEBA-45BB-8142-4EB1C1FCF10B}.Release|Any CPU.Build.0 = Release|Any CPU
	EndGlobalSection
	GlobalSection(SolutionProperties) = preSolution
		HideSolutionNode = FALSE
	EndGlobalSection
	GlobalSection(NestedProjects) = preSolution
		{CF2A4B9D-1C39-4CFE-8694-8CE1F17CB28B} = {CBDD6C26-C84C-44FE-8B89-64355B091593}
		{29133DCB-BEBA-45BB-8142-4EB1C1FCF10B} = {B0FBB031-EA4F-41DE-B754-E68A8BDC1892}
	EndGlobalSection
EndGlobal
